// !$*UTF8*$!
{
	archiveVersion = 1;
	classes = {
	};
	objectVersion = 50;
	objects = {

/* Begin PBXBuildFile section */
		FE1A1C9D253F2FA500B2E4B6 /* Card.swift in Sources */ = {isa = PBXBuildFile; fileRef = FE1A1C9C253F2FA500B2E4B6 /* Card.swift */; };
		FE1A1CA1253F48DB00B2E4B6 /* NewTermViewController.swift in Sources */ = {isa = PBXBuildFile; fileRef = FE1A1CA0253F48DB00B2E4B6 /* NewTermViewController.swift */; };
		FE1A1CA4253F48EE00B2E4B6 /* NewTerm.swift in Sources */ = {isa = PBXBuildFile; fileRef = FE1A1CA3253F48EE00B2E4B6 /* NewTerm.swift */; };
		FE5270BD253EFAEA00DEEC87 /* AppDelegate.swift in Sources */ = {isa = PBXBuildFile; fileRef = FE5270BC253EFAEA00DEEC87 /* AppDelegate.swift */; };
		FE5270BF253EFAEA00DEEC87 /* SceneDelegate.swift in Sources */ = {isa = PBXBuildFile; fileRef = FE5270BE253EFAEA00DEEC87 /* SceneDelegate.swift */; };
		FE5270C6253EFAEC00DEEC87 /* Assets.xcassets in Resources */ = {isa = PBXBuildFile; fileRef = FE5270C5253EFAEC00DEEC87 /* Assets.xcassets */; };
		FE5270C9253EFAEC00DEEC87 /* LaunchScreen.storyboard in Resources */ = {isa = PBXBuildFile; fileRef = FE5270C7253EFAEC00DEEC87 /* LaunchScreen.storyboard */; };
		FE5270D8253EFB4500DEEC87 /* HomeViewController.swift in Sources */ = {isa = PBXBuildFile; fileRef = FE5270D7253EFB4500DEEC87 /* HomeViewController.swift */; };
		FE5270DC253EFB9B00DEEC87 /* Home.swift in Sources */ = {isa = PBXBuildFile; fileRef = FE5270DB253EFB9B00DEEC87 /* Home.swift */; };
		FE5270DF253EFC3800DEEC87 /* Config.swift in Sources */ = {isa = PBXBuildFile; fileRef = FE5270DE253EFC3800DEEC87 /* Config.swift */; };
		FE5270E4253EFDBF00DEEC87 /* Colors.swift in Sources */ = {isa = PBXBuildFile; fileRef = FE5270E3253EFDBF00DEEC87 /* Colors.swift */; };
		FE5270E8253F032300DEEC87 /* TermListViewController.swift in Sources */ = {isa = PBXBuildFile; fileRef = FE5270E7253F032300DEEC87 /* TermListViewController.swift */; };
		FE5270F1253F03B000DEEC87 /* TermList.swift in Sources */ = {isa = PBXBuildFile; fileRef = FE5270F0253F03B000DEEC87 /* TermList.swift */; };
		FE71B4D3254063CB0006185D /* FlashCard.xcdatamodeld in Sources */ = {isa = PBXBuildFile; fileRef = FE71B4D1254063CB0006185D /* FlashCard.xcdatamodeld */; };
		FE7E79F32541C0B70065AC6C /* EditiTermViewController.swift in Sources */ = {isa = PBXBuildFile; fileRef = FE7E79F22541C0B70065AC6C /* EditiTermViewController.swift */; };
		FE7E79F72541CA570065AC6C /* CallbackDelegate.swift in Sources */ = {isa = PBXBuildFile; fileRef = FE7E79F62541CA570065AC6C /* CallbackDelegate.swift */; };
		FEEF31FF25405CB400FFC7BB /* CoreDataManager.swift in Sources */ = {isa = PBXBuildFile; fileRef = FEEF31FE25405CB400FFC7BB /* CoreDataManager.swift */; };
/* End PBXBuildFile section */

/* Begin PBXFileReference section */
		FE1A1C9C253F2FA500B2E4B6 /* Card.swift */ = {isa = PBXFileReference; lastKnownFileType = sourcecode.swift; path = Card.swift; sourceTree = "<group>"; };
		FE1A1CA0253F48DB00B2E4B6 /* NewTermViewController.swift */ = {isa = PBXFileReference; lastKnownFileType = sourcecode.swift; path = NewTermViewController.swift; sourceTree = "<group>"; };
		FE1A1CA3253F48EE00B2E4B6 /* NewTerm.swift */ = {isa = PBXFileReference; lastKnownFileType = sourcecode.swift; path = NewTerm.swift; sourceTree = "<group>"; };
		FE5270B9253EFAEA00DEEC87 /* reMind.app */ = {isa = PBXFileReference; explicitFileType = wrapper.application; includeInIndex = 0; path = reMind.app; sourceTree = BUILT_PRODUCTS_DIR; };
		FE5270BC253EFAEA00DEEC87 /* AppDelegate.swift */ = {isa = PBXFileReference; lastKnownFileType = sourcecode.swift; path = AppDelegate.swift; sourceTree = "<group>"; };
		FE5270BE253EFAEA00DEEC87 /* SceneDelegate.swift */ = {isa = PBXFileReference; lastKnownFileType = sourcecode.swift; path = SceneDelegate.swift; sourceTree = "<group>"; };
		FE5270C5253EFAEC00DEEC87 /* Assets.xcassets */ = {isa = PBXFileReference; lastKnownFileType = folder.assetcatalog; path = Assets.xcassets; sourceTree = "<group>"; };
		FE5270C8253EFAEC00DEEC87 /* Base */ = {isa = PBXFileReference; lastKnownFileType = file.storyboard; name = Base; path = Base.lproj/LaunchScreen.storyboard; sourceTree = "<group>"; };
		FE5270CA253EFAEC00DEEC87 /* Info.plist */ = {isa = PBXFileReference; lastKnownFileType = text.plist.xml; path = Info.plist; sourceTree = "<group>"; };
		FE5270D7253EFB4500DEEC87 /* HomeViewController.swift */ = {isa = PBXFileReference; lastKnownFileType = sourcecode.swift; path = HomeViewController.swift; sourceTree = "<group>"; };
		FE5270DB253EFB9B00DEEC87 /* Home.swift */ = {isa = PBXFileReference; lastKnownFileType = sourcecode.swift; path = Home.swift; sourceTree = "<group>"; };
		FE5270DE253EFC3800DEEC87 /* Config.swift */ = {isa = PBXFileReference; lastKnownFileType = sourcecode.swift; path = Config.swift; sourceTree = "<group>"; };
		FE5270E3253EFDBF00DEEC87 /* Colors.swift */ = {isa = PBXFileReference; lastKnownFileType = sourcecode.swift; path = Colors.swift; sourceTree = "<group>"; };
		FE5270E7253F032300DEEC87 /* TermListViewController.swift */ = {isa = PBXFileReference; lastKnownFileType = sourcecode.swift; path = TermListViewController.swift; sourceTree = "<group>"; };
		FE5270F0253F03B000DEEC87 /* TermList.swift */ = {isa = PBXFileReference; lastKnownFileType = sourcecode.swift; path = TermList.swift; sourceTree = "<group>"; };
		FE71B4D2254063CB0006185D /* FlashCard.xcdatamodel */ = {isa = PBXFileReference; lastKnownFileType = wrapper.xcdatamodel; path = FlashCard.xcdatamodel; sourceTree = "<group>"; };
		FE7E79F22541C0B70065AC6C /* EditiTermViewController.swift */ = {isa = PBXFileReference; lastKnownFileType = sourcecode.swift; path = EditiTermViewController.swift; sourceTree = "<group>"; };
		FE7E79F62541CA570065AC6C /* CallbackDelegate.swift */ = {isa = PBXFileReference; lastKnownFileType = sourcecode.swift; path = CallbackDelegate.swift; sourceTree = "<group>"; };
		FEEF31FE25405CB400FFC7BB /* CoreDataManager.swift */ = {isa = PBXFileReference; lastKnownFileType = sourcecode.swift; path = CoreDataManager.swift; sourceTree = "<group>"; };
/* End PBXFileReference section */

/* Begin PBXFrameworksBuildPhase section */
		FE5270B6253EFAEA00DEEC87 /* Frameworks */ = {
			isa = PBXFrameworksBuildPhase;
			buildActionMask = 2147483647;
			files = (
			);
			runOnlyForDeploymentPostprocessing = 0;
		};
/* End PBXFrameworksBuildPhase section */

/* Begin PBXGroup section */
		FE1A1C9B253F2F8200B2E4B6 /* UIComponents */ = {
			isa = PBXGroup;
			children = (
				FE1A1C9C253F2FA500B2E4B6 /* Card.swift */,
			);
			path = UIComponents;
			sourceTree = "<group>";
		};
		FE5270B0253EFAEA00DEEC87 = {
			isa = PBXGroup;
			children = (
				FE5270BB253EFAEA00DEEC87 /* FlashCards */,
				FE5270BA253EFAEA00DEEC87 /* Products */,
			);
			sourceTree = "<group>";
		};
		FE5270BA253EFAEA00DEEC87 /* Products */ = {
			isa = PBXGroup;
			children = (
				FE5270B9253EFAEA00DEEC87 /* reMind.app */,
			);
			name = Products;
			sourceTree = "<group>";
		};
		FE5270BB253EFAEA00DEEC87 /* FlashCards */ = {
			isa = PBXGroup;
			children = (
				FEEF31FD25405C9500FFC7BB /* Services */,
				FE5270D4253EFB0B00DEEC87 /* Controller */,
				FE5270D3253EFB0700DEEC87 /* View */,
				FE5270D2253EFAFF00DEEC87 /* Model */,
				FE5270E1253EFDA700DEEC87 /* Utils */,
				FE5270D1253EFAF800DEEC87 /* Shared */,
				FE5270C5253EFAEC00DEEC87 /* Assets.xcassets */,
				FE5270C7253EFAEC00DEEC87 /* LaunchScreen.storyboard */,
				FE5270CA253EFAEC00DEEC87 /* Info.plist */,
			);
			path = FlashCards;
			sourceTree = "<group>";
		};
		FE5270D1253EFAF800DEEC87 /* Shared */ = {
			isa = PBXGroup;
			children = (
				FE5270BC253EFAEA00DEEC87 /* AppDelegate.swift */,
				FE5270BE253EFAEA00DEEC87 /* SceneDelegate.swift */,
				FE5270DE253EFC3800DEEC87 /* Config.swift */,
			);
			path = Shared;
			sourceTree = "<group>";
		};
		FE5270D2253EFAFF00DEEC87 /* Model */ = {
			isa = PBXGroup;
			children = (
				FE71B4D1254063CB0006185D /* FlashCard.xcdatamodeld */,
			);
			path = Model;
			sourceTree = "<group>";
		};
		FE5270D3253EFB0700DEEC87 /* View */ = {
			isa = PBXGroup;
			children = (
				FE5270DB253EFB9B00DEEC87 /* Home.swift */,
				FE5270F0253F03B000DEEC87 /* TermList.swift */,
				FE1A1CA3253F48EE00B2E4B6 /* NewTerm.swift */,
			);
			path = View;
			sourceTree = "<group>";
		};
		FE5270D4253EFB0B00DEEC87 /* Controller */ = {
			isa = PBXGroup;
			children = (
				FE5270D7253EFB4500DEEC87 /* HomeViewController.swift */,
				FE5270E7253F032300DEEC87 /* TermListViewController.swift */,
				FE1A1CA0253F48DB00B2E4B6 /* NewTermViewController.swift */,
				FE7E79F22541C0B70065AC6C /* EditiTermViewController.swift */,
			);
			path = Controller;
			sourceTree = "<group>";
		};
		FE5270E1253EFDA700DEEC87 /* Utils */ = {
			isa = PBXGroup;
			children = (
				FE7E79F52541CA330065AC6C /* Protocols */,
				FE1A1C9B253F2F8200B2E4B6 /* UIComponents */,
				FE5270E2253EFDAC00DEEC87 /* Extensions */,
			);
			path = Utils;
			sourceTree = "<group>";
		};
		FE5270E2253EFDAC00DEEC87 /* Extensions */ = {
			isa = PBXGroup;
			children = (
				FE5270E3253EFDBF00DEEC87 /* Colors.swift */,
			);
			path = Extensions;
			sourceTree = "<group>";
		};
		FE7E79F52541CA330065AC6C /* Protocols */ = {
			isa = PBXGroup;
			children = (
				FE7E79F62541CA570065AC6C /* CallbackDelegate.swift */,
			);
			path = Protocols;
			sourceTree = "<group>";
		};
		FEEF31FD25405C9500FFC7BB /* Services */ = {
			isa = PBXGroup;
			children = (
				FEEF31FE25405CB400FFC7BB /* CoreDataManager.swift */,
			);
			path = Services;
			sourceTree = "<group>";
		};
/* End PBXGroup section */

/* Begin PBXNativeTarget section */
		FE5270B8253EFAEA00DEEC87 /* reMind */ = {
			isa = PBXNativeTarget;
			buildConfigurationList = FE5270CD253EFAEC00DEEC87 /* Build configuration list for PBXNativeTarget "reMind" */;
			buildPhases = (
				FE5270B5253EFAEA00DEEC87 /* Sources */,
				FE5270B6253EFAEA00DEEC87 /* Frameworks */,
				FE5270B7253EFAEA00DEEC87 /* Resources */,
			);
			buildRules = (
			);
			dependencies = (
			);
			name = reMind;
			productName = FlashCards;
			productReference = FE5270B9253EFAEA00DEEC87 /* reMind.app */;
			productType = "com.apple.product-type.application";
		};
/* End PBXNativeTarget section */

/* Begin PBXProject section */
		FE5270B1253EFAEA00DEEC87 /* Project object */ = {
			isa = PBXProject;
			attributes = {
				LastSwiftUpdateCheck = 1200;
				LastUpgradeCheck = 1200;
				TargetAttributes = {
					FE5270B8253EFAEA00DEEC87 = {
						CreatedOnToolsVersion = 12.0.1;
					};
				};
			};
			buildConfigurationList = FE5270B4253EFAEA00DEEC87 /* Build configuration list for PBXProject "reMind" */;
			compatibilityVersion = "Xcode 9.3";
			developmentRegion = en;
			hasScannedForEncodings = 0;
			knownRegions = (
				en,
				Base,
			);
			mainGroup = FE5270B0253EFAEA00DEEC87;
			productRefGroup = FE5270BA253EFAEA00DEEC87 /* Products */;
			projectDirPath = "";
			projectRoot = "";
			targets = (
				FE5270B8253EFAEA00DEEC87 /* reMind */,
			);
		};
/* End PBXProject section */

/* Begin PBXResourcesBuildPhase section */
		FE5270B7253EFAEA00DEEC87 /* Resources */ = {
			isa = PBXResourcesBuildPhase;
			buildActionMask = 2147483647;
			files = (
				FE5270C9253EFAEC00DEEC87 /* LaunchScreen.storyboard in Resources */,
				FE5270C6253EFAEC00DEEC87 /* Assets.xcassets in Resources */,
			);
			runOnlyForDeploymentPostprocessing = 0;
		};
/* End PBXResourcesBuildPhase section */

/* Begin PBXSourcesBuildPhase section */
		FE5270B5253EFAEA00DEEC87 /* Sources */ = {
			isa = PBXSourcesBuildPhase;
			buildActionMask = 2147483647;
			files = (
				FE5270D8253EFB4500DEEC87 /* HomeViewController.swift in Sources */,
				FE71B4D3254063CB0006185D /* FlashCard.xcdatamodeld in Sources */,
				FE5270E4253EFDBF00DEEC87 /* Colors.swift in Sources */,
				FE5270BD253EFAEA00DEEC87 /* AppDelegate.swift in Sources */,
				FE5270E8253F032300DEEC87 /* TermListViewController.swift in Sources */,
				FE5270DF253EFC3800DEEC87 /* Config.swift in Sources */,
				FE5270DC253EFB9B00DEEC87 /* Home.swift in Sources */,
				FEEF31FF25405CB400FFC7BB /* CoreDataManager.swift in Sources */,
				FE7E79F72541CA570065AC6C /* CallbackDelegate.swift in Sources */,
				FE7E79F32541C0B70065AC6C /* EditiTermViewController.swift in Sources */,
				FE5270BF253EFAEA00DEEC87 /* SceneDelegate.swift in Sources */,
				FE5270F1253F03B000DEEC87 /* TermList.swift in Sources */,
				FE1A1CA4253F48EE00B2E4B6 /* NewTerm.swift in Sources */,
				FE1A1C9D253F2FA500B2E4B6 /* Card.swift in Sources */,
				FE1A1CA1253F48DB00B2E4B6 /* NewTermViewController.swift in Sources */,
			);
			runOnlyForDeploymentPostprocessing = 0;
		};
/* End PBXSourcesBuildPhase section */

/* Begin PBXVariantGroup section */
		FE5270C7253EFAEC00DEEC87 /* LaunchScreen.storyboard */ = {
			isa = PBXVariantGroup;
			children = (
				FE5270C8253EFAEC00DEEC87 /* Base */,
			);
			name = LaunchScreen.storyboard;
			sourceTree = "<group>";
		};
/* End PBXVariantGroup section */

/* Begin XCBuildConfiguration section */
		FE5270CB253EFAEC00DEEC87 /* Debug */ = {
			isa = XCBuildConfiguration;
			buildSettings = {
				ALWAYS_SEARCH_USER_PATHS = NO;
				CLANG_ANALYZER_NONNULL = YES;
				CLANG_ANALYZER_NUMBER_OBJECT_CONVERSION = YES_AGGRESSIVE;
				CLANG_CXX_LANGUAGE_STANDARD = "gnu++14";
				CLANG_CXX_LIBRARY = "libc++";
				CLANG_ENABLE_MODULES = YES;
				CLANG_ENABLE_OBJC_ARC = YES;
				CLANG_ENABLE_OBJC_WEAK = YES;
				CLANG_WARN_BLOCK_CAPTURE_AUTORELEASING = YES;
				CLANG_WARN_BOOL_CONVERSION = YES;
				CLANG_WARN_COMMA = YES;
				CLANG_WARN_CONSTANT_CONVERSION = YES;
				CLANG_WARN_DEPRECATED_OBJC_IMPLEMENTATIONS = YES;
				CLANG_WARN_DIRECT_OBJC_ISA_USAGE = YES_ERROR;
				CLANG_WARN_DOCUMENTATION_COMMENTS = YES;
				CLANG_WARN_EMPTY_BODY = YES;
				CLANG_WARN_ENUM_CONVERSION = YES;
				CLANG_WARN_INFINITE_RECURSION = YES;
				CLANG_WARN_INT_CONVERSION = YES;
				CLANG_WARN_NON_LITERAL_NULL_CONVERSION = YES;
				CLANG_WARN_OBJC_IMPLICIT_RETAIN_SELF = YES;
				CLANG_WARN_OBJC_LITERAL_CONVERSION = YES;
				CLANG_WARN_OBJC_ROOT_CLASS = YES_ERROR;
				CLANG_WARN_QUOTED_INCLUDE_IN_FRAMEWORK_HEADER = YES;
				CLANG_WARN_RANGE_LOOP_ANALYSIS = YES;
				CLANG_WARN_STRICT_PROTOTYPES = YES;
				CLANG_WARN_SUSPICIOUS_MOVE = YES;
				CLANG_WARN_UNGUARDED_AVAILABILITY = YES_AGGRESSIVE;
				CLANG_WARN_UNREACHABLE_CODE = YES;
				CLANG_WARN__DUPLICATE_METHOD_MATCH = YES;
				COPY_PHASE_STRIP = NO;
				DEBUG_INFORMATION_FORMAT = dwarf;
				ENABLE_STRICT_OBJC_MSGSEND = YES;
				ENABLE_TESTABILITY = YES;
				GCC_C_LANGUAGE_STANDARD = gnu11;
				GCC_DYNAMIC_NO_PIC = NO;
				GCC_NO_COMMON_BLOCKS = YES;
				GCC_OPTIMIZATION_LEVEL = 0;
				GCC_PREPROCESSOR_DEFINITIONS = (
					"DEBUG=1",
					"$(inherited)",
				);
				GCC_WARN_64_TO_32_BIT_CONVERSION = YES;
				GCC_WARN_ABOUT_RETURN_TYPE = YES_ERROR;
				GCC_WARN_UNDECLARED_SELECTOR = YES;
				GCC_WARN_UNINITIALIZED_AUTOS = YES_AGGRESSIVE;
				GCC_WARN_UNUSED_FUNCTION = YES;
				GCC_WARN_UNUSED_VARIABLE = YES;
				IPHONEOS_DEPLOYMENT_TARGET = 14.0;
				MTL_ENABLE_DEBUG_INFO = INCLUDE_SOURCE;
				MTL_FAST_MATH = YES;
				ONLY_ACTIVE_ARCH = YES;
				SDKROOT = iphoneos;
				SWIFT_ACTIVE_COMPILATION_CONDITIONS = DEBUG;
				SWIFT_OPTIMIZATION_LEVEL = "-Onone";
			};
			name = Debug;
		};
		FE5270CC253EFAEC00DEEC87 /* Release */ = {
			isa = XCBuildConfiguration;
			buildSettings = {
				ALWAYS_SEARCH_USER_PATHS = NO;
				CLANG_ANALYZER_NONNULL = YES;
				CLANG_ANALYZER_NUMBER_OBJECT_CONVERSION = YES_AGGRESSIVE;
				CLANG_CXX_LANGUAGE_STANDARD = "gnu++14";
				CLANG_CXX_LIBRARY = "libc++";
				CLANG_ENABLE_MODULES = YES;
				CLANG_ENABLE_OBJC_ARC = YES;
				CLANG_ENABLE_OBJC_WEAK = YES;
				CLANG_WARN_BLOCK_CAPTURE_AUTORELEASING = YES;
				CLANG_WARN_BOOL_CONVERSION = YES;
				CLANG_WARN_COMMA = YES;
				CLANG_WARN_CONSTANT_CONVERSION = YES;
				CLANG_WARN_DEPRECATED_OBJC_IMPLEMENTATIONS = YES;
				CLANG_WARN_DIRECT_OBJC_ISA_USAGE = YES_ERROR;
				CLANG_WARN_DOCUMENTATION_COMMENTS = YES;
				CLANG_WARN_EMPTY_BODY = YES;
				CLANG_WARN_ENUM_CONVERSION = YES;
				CLANG_WARN_INFINITE_RECURSION = YES;
				CLANG_WARN_INT_CONVERSION = YES;
				CLANG_WARN_NON_LITERAL_NULL_CONVERSION = YES;
				CLANG_WARN_OBJC_IMPLICIT_RETAIN_SELF = YES;
				CLANG_WARN_OBJC_LITERAL_CONVERSION = YES;
				CLANG_WARN_OBJC_ROOT_CLASS = YES_ERROR;
				CLANG_WARN_QUOTED_INCLUDE_IN_FRAMEWORK_HEADER = YES;
				CLANG_WARN_RANGE_LOOP_ANALYSIS = YES;
				CLANG_WARN_STRICT_PROTOTYPES = YES;
				CLANG_WARN_SUSPICIOUS_MOVE = YES;
				CLANG_WARN_UNGUARDED_AVAILABILITY = YES_AGGRESSIVE;
				CLANG_WARN_UNREACHABLE_CODE = YES;
				CLANG_WARN__DUPLICATE_METHOD_MATCH = YES;
				COPY_PHASE_STRIP = NO;
				DEBUG_INFORMATION_FORMAT = "dwarf-with-dsym";
				ENABLE_NS_ASSERTIONS = NO;
				ENABLE_STRICT_OBJC_MSGSEND = YES;
				GCC_C_LANGUAGE_STANDARD = gnu11;
				GCC_NO_COMMON_BLOCKS = YES;
				GCC_WARN_64_TO_32_BIT_CONVERSION = YES;
				GCC_WARN_ABOUT_RETURN_TYPE = YES_ERROR;
				GCC_WARN_UNDECLARED_SELECTOR = YES;
				GCC_WARN_UNINITIALIZED_AUTOS = YES_AGGRESSIVE;
				GCC_WARN_UNUSED_FUNCTION = YES;
				GCC_WARN_UNUSED_VARIABLE = YES;
				IPHONEOS_DEPLOYMENT_TARGET = 14.0;
				MTL_ENABLE_DEBUG_INFO = NO;
				MTL_FAST_MATH = YES;
				SDKROOT = iphoneos;
				SWIFT_COMPILATION_MODE = wholemodule;
				SWIFT_OPTIMIZATION_LEVEL = "-O";
				VALIDATE_PRODUCT = YES;
			};
			name = Release;
		};
		FE5270CE253EFAEC00DEEC87 /* Debug */ = {
			isa = XCBuildConfiguration;
			buildSettings = {
				ASSETCATALOG_COMPILER_APPICON_NAME = AppIcon;
				ASSETCATALOG_COMPILER_GLOBAL_ACCENT_COLOR_NAME = AccentColor;
				CODE_SIGN_STYLE = Automatic;
				DEVELOPMENT_TEAM = TF4K4YZ8PT;
				INFOPLIST_FILE = FlashCards/Info.plist;
				LD_RUNPATH_SEARCH_PATHS = (
					"$(inherited)",
					"@executable_path/Frameworks",
				);
				PRODUCT_BUNDLE_IDENTIFIER = reMind;
				PRODUCT_NAME = "$(TARGET_NAME)";
				SWIFT_VERSION = 5.0;
				TARGETED_DEVICE_FAMILY = 1;
			};
			name = Debug;
		};
		FE5270CF253EFAEC00DEEC87 /* Release */ = {
			isa = XCBuildConfiguration;
			buildSettings = {
				ASSETCATALOG_COMPILER_APPICON_NAME = AppIcon;
				ASSETCATALOG_COMPILER_GLOBAL_ACCENT_COLOR_NAME = AccentColor;
				CODE_SIGN_STYLE = Automatic;
				DEVELOPMENT_TEAM = TF4K4YZ8PT;
				INFOPLIST_FILE = FlashCards/Info.plist;
				LD_RUNPATH_SEARCH_PATHS = (
					"$(inherited)",
					"@executable_path/Frameworks",
				);
				PRODUCT_BUNDLE_IDENTIFIER = reMind;
				PRODUCT_NAME = "$(TARGET_NAME)";
				SWIFT_VERSION = 5.0;
				TARGETED_DEVICE_FAMILY = 1;
			};
			name = Release;
		};
/* End XCBuildConfiguration section */

/* Begin XCConfigurationList section */
		FE5270B4253EFAEA00DEEC87 /* Build configuration list for PBXProject "reMind" */ = {
			isa = XCConfigurationList;
			buildConfigurations = (
				FE5270CB253EFAEC00DEEC87 /* Debug */,
				FE5270CC253EFAEC00DEEC87 /* Release */,
			);
			defaultConfigurationIsVisible = 0;
			defaultConfigurationName = Release;
		};
		FE5270CD253EFAEC00DEEC87 /* Build configuration list for PBXNativeTarget "reMind" */ = {
			isa = XCConfigurationList;
			buildConfigurations = (
				FE5270CE253EFAEC00DEEC87 /* Debug */,
				FE5270CF253EFAEC00DEEC87 /* Release */,
			);
			defaultConfigurationIsVisible = 0;
			defaultConfigurationName = Release;
		};
/* End XCConfigurationList section */

/* Begin XCVersionGroup section */
		FE71B4D1254063CB0006185D /* FlashCard.xcdatamodeld */ = {
			isa = XCVersionGroup;
			children = (
				FE71B4D2254063CB0006185D /* FlashCard.xcdatamodel */,
			);
			currentVersion = FE71B4D2254063CB0006185D /* FlashCard.xcdatamodel */;
			path = FlashCard.xcdatamodeld;
			sourceTree = "<group>";
			versionGroupType = wrapper.xcdatamodel;
		};
/* End XCVersionGroup section */
	};
	rootObject = FE5270B1253EFAEA00DEEC87 /* Project object */;
}
