// !$*UTF8*$!
{
	archiveVersion = 1;
	classes = {
	};
	objectVersion = 50;
	objects = {

/* Begin PBXBuildFile section */
		FE0EAD7C25D4190B00EE881F /* ManageDeckViewModelTest.swift in Sources */ = {isa = PBXBuildFile; fileRef = FE0EAD7B25D4190B00EE881F /* ManageDeckViewModelTest.swift */; };
		FE0EAD8025D4196300EE881F /* ManageDeckViewModel.swift in Sources */ = {isa = PBXBuildFile; fileRef = FE0EAD7F25D4196300EE881F /* ManageDeckViewModel.swift */; };
		FE0EAD8425D4197C00EE881F /* ManageDeckViewModelProtocol.swift in Sources */ = {isa = PBXBuildFile; fileRef = FE0EAD8325D4197C00EE881F /* ManageDeckViewModelProtocol.swift */; };
		FE0EAD8825D42A1300EE881F /* DeckInfoViewModelProtocol.swift in Sources */ = {isa = PBXBuildFile; fileRef = FE0EAD8725D42A1300EE881F /* DeckInfoViewModelProtocol.swift */; };
		FE0EAD8E25D42A6E00EE881F /* DeckInfoViewModel.swift in Sources */ = {isa = PBXBuildFile; fileRef = FE0EAD8D25D42A6E00EE881F /* DeckInfoViewModel.swift */; };
		FE0EAD9225D42B8A00EE881F /* CardRepository.swift in Sources */ = {isa = PBXBuildFile; fileRef = FE0EAD9125D42B8A00EE881F /* CardRepository.swift */; };
		FE0EAD9625D42BA900EE881F /* CardData.swift in Sources */ = {isa = PBXBuildFile; fileRef = FE0EAD9525D42BA900EE881F /* CardData.swift */; };
		FE0EADA025D5520A00EE881F /* Calendar.swift in Sources */ = {isa = PBXBuildFile; fileRef = FE0EAD9F25D5520A00EE881F /* Calendar.swift */; };
		FE0EADA825D5536700EE881F /* CardRepositoryTest.swift in Sources */ = {isa = PBXBuildFile; fileRef = FE0EADA725D5536700EE881F /* CardRepositoryTest.swift */; };
		FE0EADB025D56CCB00EE881F /* DeckInfoViewModelTest.swift in Sources */ = {isa = PBXBuildFile; fileRef = FE0EADAF25D56CCB00EE881F /* DeckInfoViewModelTest.swift */; };
		FE1A1C9D253F2FA500B2E4B6 /* SwipeCard.swift in Sources */ = {isa = PBXBuildFile; fileRef = FE1A1C9C253F2FA500B2E4B6 /* SwipeCard.swift */; };
		FE1A1CA1253F48DB00B2E4B6 /* ManageWordViewController.swift in Sources */ = {isa = PBXBuildFile; fileRef = FE1A1CA0253F48DB00B2E4B6 /* ManageWordViewController.swift */; };
		FE1A1CA4253F48EE00B2E4B6 /* ManageWord.swift in Sources */ = {isa = PBXBuildFile; fileRef = FE1A1CA3253F48EE00B2E4B6 /* ManageWord.swift */; };
		FE26BEF625D9870600B4C445 /* ReviewDelegate.swift in Sources */ = {isa = PBXBuildFile; fileRef = FE26BEF525D9870600B4C445 /* ReviewDelegate.swift */; };
		FE26BEFA25D9897B00B4C445 /* HomeDelegate.swift in Sources */ = {isa = PBXBuildFile; fileRef = FE26BEF925D9897B00B4C445 /* HomeDelegate.swift */; };
		FE26BF0025D99C8600B4C445 /* DeckInfoDelegate.swift in Sources */ = {isa = PBXBuildFile; fileRef = FE26BEFF25D99C8600B4C445 /* DeckInfoDelegate.swift */; };
		FE33936D25CD7A4A0037270E /* CustomTextField.swift in Sources */ = {isa = PBXBuildFile; fileRef = FE33936C25CD7A4A0037270E /* CustomTextField.swift */; };
		FE33937125CD84B20037270E /* CustomTextView.swift in Sources */ = {isa = PBXBuildFile; fileRef = FE33937025CD84B20037270E /* CustomTextView.swift */; };
		FE5270BD253EFAEA00DEEC87 /* AppDelegate.swift in Sources */ = {isa = PBXBuildFile; fileRef = FE5270BC253EFAEA00DEEC87 /* AppDelegate.swift */; };
		FE5270BF253EFAEA00DEEC87 /* SceneDelegate.swift in Sources */ = {isa = PBXBuildFile; fileRef = FE5270BE253EFAEA00DEEC87 /* SceneDelegate.swift */; };
		FE5270C6253EFAEC00DEEC87 /* Assets.xcassets in Resources */ = {isa = PBXBuildFile; fileRef = FE5270C5253EFAEC00DEEC87 /* Assets.xcassets */; };
		FE5270C9253EFAEC00DEEC87 /* LaunchScreen.storyboard in Resources */ = {isa = PBXBuildFile; fileRef = FE5270C7253EFAEC00DEEC87 /* LaunchScreen.storyboard */; };
		FE5270D8253EFB4500DEEC87 /* ReviewViewController.swift in Sources */ = {isa = PBXBuildFile; fileRef = FE5270D7253EFB4500DEEC87 /* ReviewViewController.swift */; };
		FE5270DC253EFB9B00DEEC87 /* Review.swift in Sources */ = {isa = PBXBuildFile; fileRef = FE5270DB253EFB9B00DEEC87 /* Review.swift */; };
		FE5270DF253EFC3800DEEC87 /* Config.swift in Sources */ = {isa = PBXBuildFile; fileRef = FE5270DE253EFC3800DEEC87 /* Config.swift */; };
		FE5270E4253EFDBF00DEEC87 /* Colors.swift in Sources */ = {isa = PBXBuildFile; fileRef = FE5270E3253EFDBF00DEEC87 /* Colors.swift */; };
		FE5655C225CB66C80066EE02 /* ManageDeckView.swift in Sources */ = {isa = PBXBuildFile; fileRef = FE5655C125CB66C80066EE02 /* ManageDeckView.swift */; };
		FE5655C525CB6E130066EE02 /* ManageDeckViewController.swift in Sources */ = {isa = PBXBuildFile; fileRef = FE5655C425CB6E130066EE02 /* ManageDeckViewController.swift */; };
		FE7E79F72541CA570065AC6C /* CallbackDelegate.swift in Sources */ = {isa = PBXBuildFile; fileRef = FE7E79F62541CA570065AC6C /* CallbackDelegate.swift */; };
		FE8820FB25D161B6001A6334 /* RepositoryProtocol.swift in Sources */ = {isa = PBXBuildFile; fileRef = FE8820FA25D161B6001A6334 /* RepositoryProtocol.swift */; };
		FE8820FF25D16D49001A6334 /* ReMind.xcdatamodeld in Sources */ = {isa = PBXBuildFile; fileRef = FE8820FD25D16D49001A6334 /* ReMind.xcdatamodeld */; };
		FE88210325D170EE001A6334 /* DeckRepository.swift in Sources */ = {isa = PBXBuildFile; fileRef = FE88210225D170EE001A6334 /* DeckRepository.swift */; };
		FE88210825D17131001A6334 /* DeckData.swift in Sources */ = {isa = PBXBuildFile; fileRef = FE88210725D17131001A6334 /* DeckData.swift */; };
		FE88211E25D175F9001A6334 /* DeckRepositoryTest.swift in Sources */ = {isa = PBXBuildFile; fileRef = FE88211D25D175F9001A6334 /* DeckRepositoryTest.swift */; };
		FE9DFB8225D2DCC6005328B7 /* HomeViewModel.swift in Sources */ = {isa = PBXBuildFile; fileRef = FE9DFB8125D2DCC6005328B7 /* HomeViewModel.swift */; };
		FE9DFB8625D2DCD9005328B7 /* HomeViewModelProtocol.swift in Sources */ = {isa = PBXBuildFile; fileRef = FE9DFB8525D2DCD9005328B7 /* HomeViewModelProtocol.swift */; };
		FEA7ED9825D5B0C7003DE257 /* ManageWordViewModel.swift in Sources */ = {isa = PBXBuildFile; fileRef = FEA7ED9725D5B0C7003DE257 /* ManageWordViewModel.swift */; };
		FEA7ED9C25D5B0E1003DE257 /* ManageWordViewModelProtocol.swift in Sources */ = {isa = PBXBuildFile; fileRef = FEA7ED9B25D5B0E1003DE257 /* ManageWordViewModelProtocol.swift */; };
		FEA7EDAE25D5C715003DE257 /* ManageWordViewModelTest.swift in Sources */ = {isa = PBXBuildFile; fileRef = FEA7EDAD25D5C715003DE257 /* ManageWordViewModelTest.swift */; };
		FEA7EDB625D5D25D003DE257 /* ReviewViewModelProtocol.swift in Sources */ = {isa = PBXBuildFile; fileRef = FEA7EDB525D5D25D003DE257 /* ReviewViewModelProtocol.swift */; };
		FEA7EDBC25D5D2C6003DE257 /* ReviewViewModel.swift in Sources */ = {isa = PBXBuildFile; fileRef = FEA7EDBB25D5D2C6003DE257 /* ReviewViewModel.swift */; };
		FEA7EDC225D5D8A1003DE257 /* ReviewViewModelTest.swift in Sources */ = {isa = PBXBuildFile; fileRef = FEA7EDC125D5D8A1003DE257 /* ReviewViewModelTest.swift */; };
		FEA7EDCA25D5FA36003DE257 /* RadioButton.swift in Sources */ = {isa = PBXBuildFile; fileRef = FEA7EDC925D5FA36003DE257 /* RadioButton.swift */; };
		FEA7EDCE25D60048003DE257 /* RadioButtonGroup.swift in Sources */ = {isa = PBXBuildFile; fileRef = FEA7EDCD25D60048003DE257 /* RadioButtonGroup.swift */; };
		FEA7EDDA25D605C3003DE257 /* RadioButtonGroupDelegate.swift in Sources */ = {isa = PBXBuildFile; fileRef = FEA7EDD925D605C3003DE257 /* RadioButtonGroupDelegate.swift */; };
		FEBB022225CC339B00208E33 /* ReviewCard.swift in Sources */ = {isa = PBXBuildFile; fileRef = FEBB022125CC339B00208E33 /* ReviewCard.swift */; };
		FEBB022625CC375700208E33 /* WordsTable.swift in Sources */ = {isa = PBXBuildFile; fileRef = FEBB022525CC375700208E33 /* WordsTable.swift */; };
		FEBB022925CC376E00208E33 /* WordsTableCell.swift in Sources */ = {isa = PBXBuildFile; fileRef = FEBB022825CC376E00208E33 /* WordsTableCell.swift */; };
		FEBB022C25CC3B5C00208E33 /* DeckInfo.swift in Sources */ = {isa = PBXBuildFile; fileRef = FEBB022B25CC3B5C00208E33 /* DeckInfo.swift */; };
		FEBB022F25CC3DE000208E33 /* WordsTableHeader.swift in Sources */ = {isa = PBXBuildFile; fileRef = FEBB022E25CC3DE000208E33 /* WordsTableHeader.swift */; };
		FEBB023225CC408400208E33 /* DeckInfoViewController.swift in Sources */ = {isa = PBXBuildFile; fileRef = FEBB023125CC408400208E33 /* DeckInfoViewController.swift */; };
		FEBB023625CC65C900208E33 /* UIViewController.swift in Sources */ = {isa = PBXBuildFile; fileRef = FEBB023525CC65C900208E33 /* UIViewController.swift */; };
		FECD43A425D2B9CA002AA94F /* CoreDataStackTest.swift in Sources */ = {isa = PBXBuildFile; fileRef = FECD43A325D2B9CA002AA94F /* CoreDataStackTest.swift */; };
		FED812EE25D3FEE2008B8DFB /* HomeViewModel.swift in Sources */ = {isa = PBXBuildFile; fileRef = FED812ED25D3FEE2008B8DFB /* HomeViewModel.swift */; };
		FEEF31FF25405CB400FFC7BB /* CoreDataStack.swift in Sources */ = {isa = PBXBuildFile; fileRef = FEEF31FE25405CB400FFC7BB /* CoreDataStack.swift */; };
		FEFB98D025CB1E2B006A1DF8 /* Home.swift in Sources */ = {isa = PBXBuildFile; fileRef = FEFB98CF25CB1E2B006A1DF8 /* Home.swift */; };
		FEFB98D425CB1F99006A1DF8 /* DecksCollection.swift in Sources */ = {isa = PBXBuildFile; fileRef = FEFB98D325CB1F99006A1DF8 /* DecksCollection.swift */; };
		FEFB98D825CB200E006A1DF8 /* DecksCollectionCell.swift in Sources */ = {isa = PBXBuildFile; fileRef = FEFB98D725CB200E006A1DF8 /* DecksCollectionCell.swift */; };
		FEFB98DB25CB2575006A1DF8 /* HomeViewController.swift in Sources */ = {isa = PBXBuildFile; fileRef = FEFB98DA25CB2575006A1DF8 /* HomeViewController.swift */; };
/* End PBXBuildFile section */

/* Begin PBXContainerItemProxy section */
		FE88211525D1740E001A6334 /* PBXContainerItemProxy */ = {
			isa = PBXContainerItemProxy;
			containerPortal = FE5270B1253EFAEA00DEEC87 /* Project object */;
			proxyType = 1;
			remoteGlobalIDString = FE5270B8253EFAEA00DEEC87;
			remoteInfo = reMind;
		};
/* End PBXContainerItemProxy section */

/* Begin PBXFileReference section */
		FE0EAD7B25D4190B00EE881F /* ManageDeckViewModelTest.swift */ = {isa = PBXFileReference; lastKnownFileType = sourcecode.swift; path = ManageDeckViewModelTest.swift; sourceTree = "<group>"; };
		FE0EAD7F25D4196300EE881F /* ManageDeckViewModel.swift */ = {isa = PBXFileReference; lastKnownFileType = sourcecode.swift; path = ManageDeckViewModel.swift; sourceTree = "<group>"; };
		FE0EAD8325D4197C00EE881F /* ManageDeckViewModelProtocol.swift */ = {isa = PBXFileReference; lastKnownFileType = sourcecode.swift; path = ManageDeckViewModelProtocol.swift; sourceTree = "<group>"; };
		FE0EAD8725D42A1300EE881F /* DeckInfoViewModelProtocol.swift */ = {isa = PBXFileReference; lastKnownFileType = sourcecode.swift; path = DeckInfoViewModelProtocol.swift; sourceTree = "<group>"; };
		FE0EAD8D25D42A6E00EE881F /* DeckInfoViewModel.swift */ = {isa = PBXFileReference; lastKnownFileType = sourcecode.swift; path = DeckInfoViewModel.swift; sourceTree = "<group>"; };
		FE0EAD9125D42B8A00EE881F /* CardRepository.swift */ = {isa = PBXFileReference; lastKnownFileType = sourcecode.swift; path = CardRepository.swift; sourceTree = "<group>"; };
		FE0EAD9525D42BA900EE881F /* CardData.swift */ = {isa = PBXFileReference; lastKnownFileType = sourcecode.swift; path = CardData.swift; sourceTree = "<group>"; };
		FE0EAD9F25D5520A00EE881F /* Calendar.swift */ = {isa = PBXFileReference; lastKnownFileType = sourcecode.swift; path = Calendar.swift; sourceTree = "<group>"; };
		FE0EADA725D5536700EE881F /* CardRepositoryTest.swift */ = {isa = PBXFileReference; lastKnownFileType = sourcecode.swift; path = CardRepositoryTest.swift; sourceTree = "<group>"; };
		FE0EADAF25D56CCB00EE881F /* DeckInfoViewModelTest.swift */ = {isa = PBXFileReference; lastKnownFileType = sourcecode.swift; path = DeckInfoViewModelTest.swift; sourceTree = "<group>"; };
		FE1A1C9C253F2FA500B2E4B6 /* SwipeCard.swift */ = {isa = PBXFileReference; lastKnownFileType = sourcecode.swift; path = SwipeCard.swift; sourceTree = "<group>"; };
		FE1A1CA0253F48DB00B2E4B6 /* ManageWordViewController.swift */ = {isa = PBXFileReference; lastKnownFileType = sourcecode.swift; path = ManageWordViewController.swift; sourceTree = "<group>"; };
		FE1A1CA3253F48EE00B2E4B6 /* ManageWord.swift */ = {isa = PBXFileReference; lastKnownFileType = sourcecode.swift; path = ManageWord.swift; sourceTree = "<group>"; };
		FE26BEF525D9870600B4C445 /* ReviewDelegate.swift */ = {isa = PBXFileReference; lastKnownFileType = sourcecode.swift; path = ReviewDelegate.swift; sourceTree = "<group>"; };
		FE26BEF925D9897B00B4C445 /* HomeDelegate.swift */ = {isa = PBXFileReference; lastKnownFileType = sourcecode.swift; path = HomeDelegate.swift; sourceTree = "<group>"; };
		FE26BEFF25D99C8600B4C445 /* DeckInfoDelegate.swift */ = {isa = PBXFileReference; lastKnownFileType = sourcecode.swift; path = DeckInfoDelegate.swift; sourceTree = "<group>"; };
		FE33936C25CD7A4A0037270E /* CustomTextField.swift */ = {isa = PBXFileReference; lastKnownFileType = sourcecode.swift; path = CustomTextField.swift; sourceTree = "<group>"; };
		FE33937025CD84B20037270E /* CustomTextView.swift */ = {isa = PBXFileReference; lastKnownFileType = sourcecode.swift; path = CustomTextView.swift; sourceTree = "<group>"; };
		FE5270B9253EFAEA00DEEC87 /* reMind.app */ = {isa = PBXFileReference; explicitFileType = wrapper.application; includeInIndex = 0; path = reMind.app; sourceTree = BUILT_PRODUCTS_DIR; };
		FE5270BC253EFAEA00DEEC87 /* AppDelegate.swift */ = {isa = PBXFileReference; lastKnownFileType = sourcecode.swift; path = AppDelegate.swift; sourceTree = "<group>"; };
		FE5270BE253EFAEA00DEEC87 /* SceneDelegate.swift */ = {isa = PBXFileReference; lastKnownFileType = sourcecode.swift; path = SceneDelegate.swift; sourceTree = "<group>"; };
		FE5270C5253EFAEC00DEEC87 /* Assets.xcassets */ = {isa = PBXFileReference; lastKnownFileType = folder.assetcatalog; path = Assets.xcassets; sourceTree = "<group>"; };
		FE5270C8253EFAEC00DEEC87 /* Base */ = {isa = PBXFileReference; lastKnownFileType = file.storyboard; name = Base; path = Base.lproj/LaunchScreen.storyboard; sourceTree = "<group>"; };
		FE5270CA253EFAEC00DEEC87 /* Info.plist */ = {isa = PBXFileReference; lastKnownFileType = text.plist.xml; path = Info.plist; sourceTree = "<group>"; };
		FE5270D7253EFB4500DEEC87 /* ReviewViewController.swift */ = {isa = PBXFileReference; lastKnownFileType = sourcecode.swift; path = ReviewViewController.swift; sourceTree = "<group>"; };
		FE5270DB253EFB9B00DEEC87 /* Review.swift */ = {isa = PBXFileReference; lastKnownFileType = sourcecode.swift; path = Review.swift; sourceTree = "<group>"; };
		FE5270DE253EFC3800DEEC87 /* Config.swift */ = {isa = PBXFileReference; lastKnownFileType = sourcecode.swift; path = Config.swift; sourceTree = "<group>"; };
		FE5270E3253EFDBF00DEEC87 /* Colors.swift */ = {isa = PBXFileReference; lastKnownFileType = sourcecode.swift; path = Colors.swift; sourceTree = "<group>"; };
		FE5655C125CB66C80066EE02 /* ManageDeckView.swift */ = {isa = PBXFileReference; lastKnownFileType = sourcecode.swift; path = ManageDeckView.swift; sourceTree = "<group>"; };
		FE5655C425CB6E130066EE02 /* ManageDeckViewController.swift */ = {isa = PBXFileReference; lastKnownFileType = sourcecode.swift; path = ManageDeckViewController.swift; sourceTree = "<group>"; };
		FE7E79F62541CA570065AC6C /* CallbackDelegate.swift */ = {isa = PBXFileReference; lastKnownFileType = sourcecode.swift; path = CallbackDelegate.swift; sourceTree = "<group>"; };
		FE8820FA25D161B6001A6334 /* RepositoryProtocol.swift */ = {isa = PBXFileReference; lastKnownFileType = sourcecode.swift; path = RepositoryProtocol.swift; sourceTree = "<group>"; };
		FE8820FE25D16D49001A6334 /* ReMind.xcdatamodel */ = {isa = PBXFileReference; lastKnownFileType = wrapper.xcdatamodel; path = ReMind.xcdatamodel; sourceTree = "<group>"; };
		FE88210225D170EE001A6334 /* DeckRepository.swift */ = {isa = PBXFileReference; lastKnownFileType = sourcecode.swift; path = DeckRepository.swift; sourceTree = "<group>"; };
		FE88210725D17131001A6334 /* DeckData.swift */ = {isa = PBXFileReference; lastKnownFileType = sourcecode.swift; path = DeckData.swift; sourceTree = "<group>"; };
		FE88211025D1740E001A6334 /* reMindTests.xctest */ = {isa = PBXFileReference; explicitFileType = wrapper.cfbundle; includeInIndex = 0; path = reMindTests.xctest; sourceTree = BUILT_PRODUCTS_DIR; };
		FE88211425D1740E001A6334 /* Info.plist */ = {isa = PBXFileReference; lastKnownFileType = text.plist.xml; path = Info.plist; sourceTree = "<group>"; };
		FE88211D25D175F9001A6334 /* DeckRepositoryTest.swift */ = {isa = PBXFileReference; lastKnownFileType = sourcecode.swift; path = DeckRepositoryTest.swift; sourceTree = "<group>"; };
		FE9DFB8125D2DCC6005328B7 /* HomeViewModel.swift */ = {isa = PBXFileReference; lastKnownFileType = sourcecode.swift; path = HomeViewModel.swift; sourceTree = "<group>"; };
		FE9DFB8525D2DCD9005328B7 /* HomeViewModelProtocol.swift */ = {isa = PBXFileReference; lastKnownFileType = sourcecode.swift; path = HomeViewModelProtocol.swift; sourceTree = "<group>"; };
		FEA7ED9725D5B0C7003DE257 /* ManageWordViewModel.swift */ = {isa = PBXFileReference; lastKnownFileType = sourcecode.swift; path = ManageWordViewModel.swift; sourceTree = "<group>"; };
		FEA7ED9B25D5B0E1003DE257 /* ManageWordViewModelProtocol.swift */ = {isa = PBXFileReference; lastKnownFileType = sourcecode.swift; path = ManageWordViewModelProtocol.swift; sourceTree = "<group>"; };
		FEA7EDAD25D5C715003DE257 /* ManageWordViewModelTest.swift */ = {isa = PBXFileReference; lastKnownFileType = sourcecode.swift; path = ManageWordViewModelTest.swift; sourceTree = "<group>"; };
		FEA7EDB525D5D25D003DE257 /* ReviewViewModelProtocol.swift */ = {isa = PBXFileReference; lastKnownFileType = sourcecode.swift; path = ReviewViewModelProtocol.swift; sourceTree = "<group>"; };
		FEA7EDBB25D5D2C6003DE257 /* ReviewViewModel.swift */ = {isa = PBXFileReference; lastKnownFileType = sourcecode.swift; path = ReviewViewModel.swift; sourceTree = "<group>"; };
		FEA7EDC125D5D8A1003DE257 /* ReviewViewModelTest.swift */ = {isa = PBXFileReference; lastKnownFileType = sourcecode.swift; path = ReviewViewModelTest.swift; sourceTree = "<group>"; };
		FEA7EDC925D5FA36003DE257 /* RadioButton.swift */ = {isa = PBXFileReference; lastKnownFileType = sourcecode.swift; path = RadioButton.swift; sourceTree = "<group>"; };
		FEA7EDCD25D60048003DE257 /* RadioButtonGroup.swift */ = {isa = PBXFileReference; lastKnownFileType = sourcecode.swift; path = RadioButtonGroup.swift; sourceTree = "<group>"; };
		FEA7EDD925D605C3003DE257 /* RadioButtonGroupDelegate.swift */ = {isa = PBXFileReference; lastKnownFileType = sourcecode.swift; path = RadioButtonGroupDelegate.swift; sourceTree = "<group>"; };
		FEBB022125CC339B00208E33 /* ReviewCard.swift */ = {isa = PBXFileReference; lastKnownFileType = sourcecode.swift; path = ReviewCard.swift; sourceTree = "<group>"; };
		FEBB022525CC375700208E33 /* WordsTable.swift */ = {isa = PBXFileReference; lastKnownFileType = sourcecode.swift; path = WordsTable.swift; sourceTree = "<group>"; };
		FEBB022825CC376E00208E33 /* WordsTableCell.swift */ = {isa = PBXFileReference; lastKnownFileType = sourcecode.swift; path = WordsTableCell.swift; sourceTree = "<group>"; };
		FEBB022B25CC3B5C00208E33 /* DeckInfo.swift */ = {isa = PBXFileReference; lastKnownFileType = sourcecode.swift; path = DeckInfo.swift; sourceTree = "<group>"; };
		FEBB022E25CC3DE000208E33 /* WordsTableHeader.swift */ = {isa = PBXFileReference; lastKnownFileType = sourcecode.swift; path = WordsTableHeader.swift; sourceTree = "<group>"; };
		FEBB023125CC408400208E33 /* DeckInfoViewController.swift */ = {isa = PBXFileReference; lastKnownFileType = sourcecode.swift; path = DeckInfoViewController.swift; sourceTree = "<group>"; };
		FEBB023525CC65C900208E33 /* UIViewController.swift */ = {isa = PBXFileReference; lastKnownFileType = sourcecode.swift; path = UIViewController.swift; sourceTree = "<group>"; };
		FECD43A325D2B9CA002AA94F /* CoreDataStackTest.swift */ = {isa = PBXFileReference; lastKnownFileType = sourcecode.swift; path = CoreDataStackTest.swift; sourceTree = "<group>"; };
		FED812ED25D3FEE2008B8DFB /* HomeViewModel.swift */ = {isa = PBXFileReference; lastKnownFileType = sourcecode.swift; path = HomeViewModel.swift; sourceTree = "<group>"; };
		FEEF31FE25405CB400FFC7BB /* CoreDataStack.swift */ = {isa = PBXFileReference; lastKnownFileType = sourcecode.swift; path = CoreDataStack.swift; sourceTree = "<group>"; };
		FEFB98CF25CB1E2B006A1DF8 /* Home.swift */ = {isa = PBXFileReference; lastKnownFileType = sourcecode.swift; path = Home.swift; sourceTree = "<group>"; };
		FEFB98D325CB1F99006A1DF8 /* DecksCollection.swift */ = {isa = PBXFileReference; lastKnownFileType = sourcecode.swift; path = DecksCollection.swift; sourceTree = "<group>"; };
		FEFB98D725CB200E006A1DF8 /* DecksCollectionCell.swift */ = {isa = PBXFileReference; lastKnownFileType = sourcecode.swift; path = DecksCollectionCell.swift; sourceTree = "<group>"; };
		FEFB98DA25CB2575006A1DF8 /* HomeViewController.swift */ = {isa = PBXFileReference; lastKnownFileType = sourcecode.swift; path = HomeViewController.swift; sourceTree = "<group>"; };
/* End PBXFileReference section */

/* Begin PBXFrameworksBuildPhase section */
		FE5270B6253EFAEA00DEEC87 /* Frameworks */ = {
			isa = PBXFrameworksBuildPhase;
			buildActionMask = 2147483647;
			files = (
			);
			runOnlyForDeploymentPostprocessing = 0;
		};
		FE88210D25D1740E001A6334 /* Frameworks */ = {
			isa = PBXFrameworksBuildPhase;
			buildActionMask = 2147483647;
			files = (
			);
			runOnlyForDeploymentPostprocessing = 0;
		};
/* End PBXFrameworksBuildPhase section */

/* Begin PBXGroup section */
		FE1A1C9B253F2F8200B2E4B6 /* UIComponents */ = {
			isa = PBXGroup;
			children = (
				FEBB022425CC372600208E33 /* WordsTable */,
				FEFB98D225CB1F7A006A1DF8 /* DecksCollection */,
				FE1A1C9C253F2FA500B2E4B6 /* SwipeCard.swift */,
				FEBB022125CC339B00208E33 /* ReviewCard.swift */,
				FE33936C25CD7A4A0037270E /* CustomTextField.swift */,
				FE33937025CD84B20037270E /* CustomTextView.swift */,
				FEA7EDC925D5FA36003DE257 /* RadioButton.swift */,
				FEA7EDCD25D60048003DE257 /* RadioButtonGroup.swift */,
			);
			path = UIComponents;
			sourceTree = "<group>";
		};
		FE5270B0253EFAEA00DEEC87 = {
			isa = PBXGroup;
			children = (
				FE5270BB253EFAEA00DEEC87 /* reMind */,
				FE88211125D1740E001A6334 /* reMindTests */,
				FE5270BA253EFAEA00DEEC87 /* Products */,
			);
			sourceTree = "<group>";
		};
		FE5270BA253EFAEA00DEEC87 /* Products */ = {
			isa = PBXGroup;
			children = (
				FE5270B9253EFAEA00DEEC87 /* reMind.app */,
				FE88211025D1740E001A6334 /* reMindTests.xctest */,
			);
			name = Products;
			sourceTree = "<group>";
		};
		FE5270BB253EFAEA00DEEC87 /* reMind */ = {
			isa = PBXGroup;
			children = (
				FE5270D2253EFAFF00DEEC87 /* Model */,
				FE5270D3253EFB0700DEEC87 /* View */,
				FE9DFB7E25D2DC99005328B7 /* ViewModel */,
				FE5270E1253EFDA700DEEC87 /* Utils */,
				FE5270D1253EFAF800DEEC87 /* Shared */,
				FE5270C5253EFAEC00DEEC87 /* Assets.xcassets */,
				FE5270C7253EFAEC00DEEC87 /* LaunchScreen.storyboard */,
				FE5270CA253EFAEC00DEEC87 /* Info.plist */,
			);
			path = reMind;
			sourceTree = "<group>";
		};
		FE5270D1253EFAF800DEEC87 /* Shared */ = {
			isa = PBXGroup;
			children = (
				FE5270BC253EFAEA00DEEC87 /* AppDelegate.swift */,
				FE5270BE253EFAEA00DEEC87 /* SceneDelegate.swift */,
				FE5270DE253EFC3800DEEC87 /* Config.swift */,
			);
			path = Shared;
			sourceTree = "<group>";
		};
		FE5270D2253EFAFF00DEEC87 /* Model */ = {
			isa = PBXGroup;
			children = (
				FE8820FD25D16D49001A6334 /* ReMind.xcdatamodeld */,
				FEEF31FE25405CB400FFC7BB /* CoreDataStack.swift */,
				FE88210625D17100001A6334 /* Structures */,
				FE88210525D170F7001A6334 /* Repositories */,
			);
			path = Model;
			sourceTree = "<group>";
		};
		FE5270D3253EFB0700DEEC87 /* View */ = {
			isa = PBXGroup;
			children = (
				FEFB98CF25CB1E2B006A1DF8 /* Home.swift */,
				FEBB022B25CC3B5C00208E33 /* DeckInfo.swift */,
				FE5655C125CB66C80066EE02 /* ManageDeckView.swift */,
				FE1A1CA3253F48EE00B2E4B6 /* ManageWord.swift */,
				FE5270DB253EFB9B00DEEC87 /* Review.swift */,
				FE5270D4253EFB0B00DEEC87 /* Controller */,
			);
			path = View;
			sourceTree = "<group>";
		};
		FE5270D4253EFB0B00DEEC87 /* Controller */ = {
			isa = PBXGroup;
			children = (
				FEFB98DA25CB2575006A1DF8 /* HomeViewController.swift */,
				FEBB023125CC408400208E33 /* DeckInfoViewController.swift */,
				FE5655C425CB6E130066EE02 /* ManageDeckViewController.swift */,
				FE1A1CA0253F48DB00B2E4B6 /* ManageWordViewController.swift */,
				FE5270D7253EFB4500DEEC87 /* ReviewViewController.swift */,
			);
			path = Controller;
			sourceTree = "<group>";
		};
		FE5270E1253EFDA700DEEC87 /* Utils */ = {
			isa = PBXGroup;
			children = (
				FE7E79F52541CA330065AC6C /* Protocols */,
				FE1A1C9B253F2F8200B2E4B6 /* UIComponents */,
				FE5270E2253EFDAC00DEEC87 /* Extensions */,
			);
			path = Utils;
			sourceTree = "<group>";
		};
		FE5270E2253EFDAC00DEEC87 /* Extensions */ = {
			isa = PBXGroup;
			children = (
				FE5270E3253EFDBF00DEEC87 /* Colors.swift */,
				FEBB023525CC65C900208E33 /* UIViewController.swift */,
				FE0EAD9F25D5520A00EE881F /* Calendar.swift */,
			);
			path = Extensions;
			sourceTree = "<group>";
		};
		FE7AA54225D4162B00239FB6 /* ViewModelProtocols */ = {
			isa = PBXGroup;
			children = (
				FE9DFB8525D2DCD9005328B7 /* HomeViewModelProtocol.swift */,
				FE0EAD8725D42A1300EE881F /* DeckInfoViewModelProtocol.swift */,
				FE0EAD8325D4197C00EE881F /* ManageDeckViewModelProtocol.swift */,
				FEA7ED9B25D5B0E1003DE257 /* ManageWordViewModelProtocol.swift */,
				FEA7EDB525D5D25D003DE257 /* ReviewViewModelProtocol.swift */,
			);
			path = ViewModelProtocols;
			sourceTree = "<group>";
		};
		FE7AA54325D4164800239FB6 /* RepositoriesProtocols */ = {
			isa = PBXGroup;
			children = (
				FE8820FA25D161B6001A6334 /* RepositoryProtocol.swift */,
			);
			path = RepositoriesProtocols;
			sourceTree = "<group>";
		};
		FE7E79F52541CA330065AC6C /* Protocols */ = {
			isa = PBXGroup;
			children = (
				FE7AA54325D4164800239FB6 /* RepositoriesProtocols */,
				FE7AA54225D4162B00239FB6 /* ViewModelProtocols */,
				FE7E79F62541CA570065AC6C /* CallbackDelegate.swift */,
				FEA7EDD925D605C3003DE257 /* RadioButtonGroupDelegate.swift */,
				FE26BEF525D9870600B4C445 /* ReviewDelegate.swift */,
				FE26BEF925D9897B00B4C445 /* HomeDelegate.swift */,
				FE26BEFF25D99C8600B4C445 /* DeckInfoDelegate.swift */,
			);
			path = Protocols;
			sourceTree = "<group>";
		};
		FE88210525D170F7001A6334 /* Repositories */ = {
			isa = PBXGroup;
			children = (
				FE88210225D170EE001A6334 /* DeckRepository.swift */,
				FE0EAD9125D42B8A00EE881F /* CardRepository.swift */,
			);
			path = Repositories;
			sourceTree = "<group>";
		};
		FE88210625D17100001A6334 /* Structures */ = {
			isa = PBXGroup;
			children = (
				FE88210725D17131001A6334 /* DeckData.swift */,
				FE0EAD9525D42BA900EE881F /* CardData.swift */,
			);
			path = Structures;
			sourceTree = "<group>";
		};
		FE88211125D1740E001A6334 /* reMindTests */ = {
			isa = PBXGroup;
			children = (
				FECD43A225D2B9B5002AA94F /* Model */,
				FED812EC25D3FA6C008B8DFB /* ViewModel */,
				FE88211425D1740E001A6334 /* Info.plist */,
			);
			path = reMindTests;
			sourceTree = "<group>";
		};
		FE88211C25D175DC001A6334 /* Repositories */ = {
			isa = PBXGroup;
			children = (
				FE88211D25D175F9001A6334 /* DeckRepositoryTest.swift */,
				FE0EADA725D5536700EE881F /* CardRepositoryTest.swift */,
			);
			path = Repositories;
			sourceTree = "<group>";
		};
		FE9DFB7E25D2DC99005328B7 /* ViewModel */ = {
			isa = PBXGroup;
			children = (
				FE9DFB8125D2DCC6005328B7 /* HomeViewModel.swift */,
				FE0EAD8D25D42A6E00EE881F /* DeckInfoViewModel.swift */,
				FE0EAD7F25D4196300EE881F /* ManageDeckViewModel.swift */,
				FEA7ED9725D5B0C7003DE257 /* ManageWordViewModel.swift */,
				FEA7EDBB25D5D2C6003DE257 /* ReviewViewModel.swift */,
			);
			path = ViewModel;
			sourceTree = "<group>";
		};
		FEBB022425CC372600208E33 /* WordsTable */ = {
			isa = PBXGroup;
			children = (
				FEBB022525CC375700208E33 /* WordsTable.swift */,
				FEBB022825CC376E00208E33 /* WordsTableCell.swift */,
				FEBB022E25CC3DE000208E33 /* WordsTableHeader.swift */,
			);
			path = WordsTable;
			sourceTree = "<group>";
		};
		FECD43A225D2B9B5002AA94F /* Model */ = {
			isa = PBXGroup;
			children = (
				FECD43A325D2B9CA002AA94F /* CoreDataStackTest.swift */,
				FE88211C25D175DC001A6334 /* Repositories */,
			);
			path = Model;
			sourceTree = "<group>";
		};
		FED812EC25D3FA6C008B8DFB /* ViewModel */ = {
			isa = PBXGroup;
			children = (
				FED812ED25D3FEE2008B8DFB /* HomeViewModel.swift */,
				FE0EADAF25D56CCB00EE881F /* DeckInfoViewModelTest.swift */,
				FE0EAD7B25D4190B00EE881F /* ManageDeckViewModelTest.swift */,
				FEA7EDAD25D5C715003DE257 /* ManageWordViewModelTest.swift */,
				FEA7EDC125D5D8A1003DE257 /* ReviewViewModelTest.swift */,
			);
			path = ViewModel;
			sourceTree = "<group>";
		};
		FEFB98D225CB1F7A006A1DF8 /* DecksCollection */ = {
			isa = PBXGroup;
			children = (
				FEFB98D325CB1F99006A1DF8 /* DecksCollection.swift */,
				FEFB98D725CB200E006A1DF8 /* DecksCollectionCell.swift */,
			);
			path = DecksCollection;
			sourceTree = "<group>";
		};
/* End PBXGroup section */

/* Begin PBXNativeTarget section */
		FE5270B8253EFAEA00DEEC87 /* reMind */ = {
			isa = PBXNativeTarget;
			buildConfigurationList = FE5270CD253EFAEC00DEEC87 /* Build configuration list for PBXNativeTarget "reMind" */;
			buildPhases = (
				FE5270B5253EFAEA00DEEC87 /* Sources */,
				FE5270B6253EFAEA00DEEC87 /* Frameworks */,
				FE5270B7253EFAEA00DEEC87 /* Resources */,
			);
			buildRules = (
			);
			dependencies = (
			);
			name = reMind;
			productName = FlashCards;
			productReference = FE5270B9253EFAEA00DEEC87 /* reMind.app */;
			productType = "com.apple.product-type.application";
		};
		FE88210F25D1740E001A6334 /* reMindTests */ = {
			isa = PBXNativeTarget;
			buildConfigurationList = FE88211725D1740E001A6334 /* Build configuration list for PBXNativeTarget "reMindTests" */;
			buildPhases = (
				FE88210C25D1740E001A6334 /* Sources */,
				FE88210D25D1740E001A6334 /* Frameworks */,
				FE88210E25D1740E001A6334 /* Resources */,
			);
			buildRules = (
			);
			dependencies = (
				FE88211625D1740E001A6334 /* PBXTargetDependency */,
			);
			name = reMindTests;
			productName = reMindTests;
			productReference = FE88211025D1740E001A6334 /* reMindTests.xctest */;
			productType = "com.apple.product-type.bundle.unit-test";
		};
/* End PBXNativeTarget section */

/* Begin PBXProject section */
		FE5270B1253EFAEA00DEEC87 /* Project object */ = {
			isa = PBXProject;
			attributes = {
				LastSwiftUpdateCheck = 1240;
				LastUpgradeCheck = 1200;
				TargetAttributes = {
					FE5270B8253EFAEA00DEEC87 = {
						CreatedOnToolsVersion = 12.0.1;
					};
					FE88210F25D1740E001A6334 = {
						CreatedOnToolsVersion = 12.4;
						TestTargetID = FE5270B8253EFAEA00DEEC87;
					};
				};
			};
			buildConfigurationList = FE5270B4253EFAEA00DEEC87 /* Build configuration list for PBXProject "reMind" */;
			compatibilityVersion = "Xcode 9.3";
			developmentRegion = en;
			hasScannedForEncodings = 0;
			knownRegions = (
				en,
				Base,
			);
			mainGroup = FE5270B0253EFAEA00DEEC87;
			productRefGroup = FE5270BA253EFAEA00DEEC87 /* Products */;
			projectDirPath = "";
			projectRoot = "";
			targets = (
				FE5270B8253EFAEA00DEEC87 /* reMind */,
				FE88210F25D1740E001A6334 /* reMindTests */,
			);
		};
/* End PBXProject section */

/* Begin PBXResourcesBuildPhase section */
		FE5270B7253EFAEA00DEEC87 /* Resources */ = {
			isa = PBXResourcesBuildPhase;
			buildActionMask = 2147483647;
			files = (
				FE5270C9253EFAEC00DEEC87 /* LaunchScreen.storyboard in Resources */,
				FE5270C6253EFAEC00DEEC87 /* Assets.xcassets in Resources */,
			);
			runOnlyForDeploymentPostprocessing = 0;
		};
		FE88210E25D1740E001A6334 /* Resources */ = {
			isa = PBXResourcesBuildPhase;
			buildActionMask = 2147483647;
			files = (
			);
			runOnlyForDeploymentPostprocessing = 0;
		};
/* End PBXResourcesBuildPhase section */

/* Begin PBXSourcesBuildPhase section */
		FE5270B5253EFAEA00DEEC87 /* Sources */ = {
			isa = PBXSourcesBuildPhase;
			buildActionMask = 2147483647;
			files = (
				FE5270D8253EFB4500DEEC87 /* ReviewViewController.swift in Sources */,
				FE0EAD8825D42A1300EE881F /* DeckInfoViewModelProtocol.swift in Sources */,
				FE5655C525CB6E130066EE02 /* ManageDeckViewController.swift in Sources */,
				FE0EAD9625D42BA900EE881F /* CardData.swift in Sources */,
				FE0EAD8425D4197C00EE881F /* ManageDeckViewModelProtocol.swift in Sources */,
				FEBB022625CC375700208E33 /* WordsTable.swift in Sources */,
				FE5270E4253EFDBF00DEEC87 /* Colors.swift in Sources */,
				FEFB98DB25CB2575006A1DF8 /* HomeViewController.swift in Sources */,
				FE0EAD9225D42B8A00EE881F /* CardRepository.swift in Sources */,
				FEA7ED9C25D5B0E1003DE257 /* ManageWordViewModelProtocol.swift in Sources */,
				FE9DFB8625D2DCD9005328B7 /* HomeViewModelProtocol.swift in Sources */,
				FE5270BD253EFAEA00DEEC87 /* AppDelegate.swift in Sources */,
				FEBB023225CC408400208E33 /* DeckInfoViewController.swift in Sources */,
				FE5270DF253EFC3800DEEC87 /* Config.swift in Sources */,
				FE33937125CD84B20037270E /* CustomTextView.swift in Sources */,
				FEBB022925CC376E00208E33 /* WordsTableCell.swift in Sources */,
				FEFB98D825CB200E006A1DF8 /* DecksCollectionCell.swift in Sources */,
				FEA7EDCA25D5FA36003DE257 /* RadioButton.swift in Sources */,
				FE33936D25CD7A4A0037270E /* CustomTextField.swift in Sources */,
				FEBB022F25CC3DE000208E33 /* WordsTableHeader.swift in Sources */,
				FEA7EDBC25D5D2C6003DE257 /* ReviewViewModel.swift in Sources */,
				FE5270DC253EFB9B00DEEC87 /* Review.swift in Sources */,
				FE5655C225CB66C80066EE02 /* ManageDeckView.swift in Sources */,
				FEEF31FF25405CB400FFC7BB /* CoreDataStack.swift in Sources */,
				FE88210325D170EE001A6334 /* DeckRepository.swift in Sources */,
				FE26BEFA25D9897B00B4C445 /* HomeDelegate.swift in Sources */,
				FEBB022C25CC3B5C00208E33 /* DeckInfo.swift in Sources */,
				FEA7EDDA25D605C3003DE257 /* RadioButtonGroupDelegate.swift in Sources */,
				FE0EADA025D5520A00EE881F /* Calendar.swift in Sources */,
				FE7E79F72541CA570065AC6C /* CallbackDelegate.swift in Sources */,
				FEBB022225CC339B00208E33 /* ReviewCard.swift in Sources */,
				FEA7ED9825D5B0C7003DE257 /* ManageWordViewModel.swift in Sources */,
				FEA7EDB625D5D25D003DE257 /* ReviewViewModelProtocol.swift in Sources */,
				FE88210825D17131001A6334 /* DeckData.swift in Sources */,
				FE26BEF625D9870600B4C445 /* ReviewDelegate.swift in Sources */,
				FE8820FF25D16D49001A6334 /* ReMind.xcdatamodeld in Sources */,
				FE26BF0025D99C8600B4C445 /* DeckInfoDelegate.swift in Sources */,
				FE5270BF253EFAEA00DEEC87 /* SceneDelegate.swift in Sources */,
				FEA7EDCE25D60048003DE257 /* RadioButtonGroup.swift in Sources */,
				FEFB98D025CB1E2B006A1DF8 /* Home.swift in Sources */,
				FE8820FB25D161B6001A6334 /* RepositoryProtocol.swift in Sources */,
				FE0EAD8025D4196300EE881F /* ManageDeckViewModel.swift in Sources */,
				FE1A1CA4253F48EE00B2E4B6 /* ManageWord.swift in Sources */,
				FE9DFB8225D2DCC6005328B7 /* HomeViewModel.swift in Sources */,
				FEBB023625CC65C900208E33 /* UIViewController.swift in Sources */,
				FEFB98D425CB1F99006A1DF8 /* DecksCollection.swift in Sources */,
				FE1A1C9D253F2FA500B2E4B6 /* SwipeCard.swift in Sources */,
				FE1A1CA1253F48DB00B2E4B6 /* ManageWordViewController.swift in Sources */,
				FE0EAD8E25D42A6E00EE881F /* DeckInfoViewModel.swift in Sources */,
			);
			runOnlyForDeploymentPostprocessing = 0;
		};
		FE88210C25D1740E001A6334 /* Sources */ = {
			isa = PBXSourcesBuildPhase;
			buildActionMask = 2147483647;
			files = (
				FE88211E25D175F9001A6334 /* DeckRepositoryTest.swift in Sources */,
				FE0EADA825D5536700EE881F /* CardRepositoryTest.swift in Sources */,
				FEA7EDC225D5D8A1003DE257 /* ReviewViewModelTest.swift in Sources */,
				FED812EE25D3FEE2008B8DFB /* HomeViewModel.swift in Sources */,
				FE0EAD7C25D4190B00EE881F /* ManageDeckViewModelTest.swift in Sources */,
				FEA7EDAE25D5C715003DE257 /* ManageWordViewModelTest.swift in Sources */,
				FECD43A425D2B9CA002AA94F /* CoreDataStackTest.swift in Sources */,
				FE0EADB025D56CCB00EE881F /* DeckInfoViewModelTest.swift in Sources */,
			);
			runOnlyForDeploymentPostprocessing = 0;
		};
/* End PBXSourcesBuildPhase section */

/* Begin PBXTargetDependency section */
		FE88211625D1740E001A6334 /* PBXTargetDependency */ = {
			isa = PBXTargetDependency;
			target = FE5270B8253EFAEA00DEEC87 /* reMind */;
			targetProxy = FE88211525D1740E001A6334 /* PBXContainerItemProxy */;
		};
/* End PBXTargetDependency section */

/* Begin PBXVariantGroup section */
		FE5270C7253EFAEC00DEEC87 /* LaunchScreen.storyboard */ = {
			isa = PBXVariantGroup;
			children = (
				FE5270C8253EFAEC00DEEC87 /* Base */,
			);
			name = LaunchScreen.storyboard;
			sourceTree = "<group>";
		};
/* End PBXVariantGroup section */

/* Begin XCBuildConfiguration section */
		FE5270CB253EFAEC00DEEC87 /* Debug */ = {
			isa = XCBuildConfiguration;
			buildSettings = {
				ALWAYS_SEARCH_USER_PATHS = NO;
				CLANG_ANALYZER_NONNULL = YES;
				CLANG_ANALYZER_NUMBER_OBJECT_CONVERSION = YES_AGGRESSIVE;
				CLANG_CXX_LANGUAGE_STANDARD = "gnu++14";
				CLANG_CXX_LIBRARY = "libc++";
				CLANG_ENABLE_MODULES = YES;
				CLANG_ENABLE_OBJC_ARC = YES;
				CLANG_ENABLE_OBJC_WEAK = YES;
				CLANG_WARN_BLOCK_CAPTURE_AUTORELEASING = YES;
				CLANG_WARN_BOOL_CONVERSION = YES;
				CLANG_WARN_COMMA = YES;
				CLANG_WARN_CONSTANT_CONVERSION = YES;
				CLANG_WARN_DEPRECATED_OBJC_IMPLEMENTATIONS = YES;
				CLANG_WARN_DIRECT_OBJC_ISA_USAGE = YES_ERROR;
				CLANG_WARN_DOCUMENTATION_COMMENTS = YES;
				CLANG_WARN_EMPTY_BODY = YES;
				CLANG_WARN_ENUM_CONVERSION = YES;
				CLANG_WARN_INFINITE_RECURSION = YES;
				CLANG_WARN_INT_CONVERSION = YES;
				CLANG_WARN_NON_LITERAL_NULL_CONVERSION = YES;
				CLANG_WARN_OBJC_IMPLICIT_RETAIN_SELF = YES;
				CLANG_WARN_OBJC_LITERAL_CONVERSION = YES;
				CLANG_WARN_OBJC_ROOT_CLASS = YES_ERROR;
				CLANG_WARN_QUOTED_INCLUDE_IN_FRAMEWORK_HEADER = YES;
				CLANG_WARN_RANGE_LOOP_ANALYSIS = YES;
				CLANG_WARN_STRICT_PROTOTYPES = YES;
				CLANG_WARN_SUSPICIOUS_MOVE = YES;
				CLANG_WARN_UNGUARDED_AVAILABILITY = YES_AGGRESSIVE;
				CLANG_WARN_UNREACHABLE_CODE = YES;
				CLANG_WARN__DUPLICATE_METHOD_MATCH = YES;
				COPY_PHASE_STRIP = NO;
				DEBUG_INFORMATION_FORMAT = dwarf;
				ENABLE_STRICT_OBJC_MSGSEND = YES;
				ENABLE_TESTABILITY = YES;
				GCC_C_LANGUAGE_STANDARD = gnu11;
				GCC_DYNAMIC_NO_PIC = NO;
				GCC_NO_COMMON_BLOCKS = YES;
				GCC_OPTIMIZATION_LEVEL = 0;
				GCC_PREPROCESSOR_DEFINITIONS = (
					"DEBUG=1",
					"$(inherited)",
				);
				GCC_WARN_64_TO_32_BIT_CONVERSION = YES;
				GCC_WARN_ABOUT_RETURN_TYPE = YES_ERROR;
				GCC_WARN_UNDECLARED_SELECTOR = YES;
				GCC_WARN_UNINITIALIZED_AUTOS = YES_AGGRESSIVE;
				GCC_WARN_UNUSED_FUNCTION = YES;
				GCC_WARN_UNUSED_VARIABLE = YES;
				IPHONEOS_DEPLOYMENT_TARGET = 14.0;
				MTL_ENABLE_DEBUG_INFO = INCLUDE_SOURCE;
				MTL_FAST_MATH = YES;
				ONLY_ACTIVE_ARCH = YES;
				SDKROOT = iphoneos;
				SWIFT_ACTIVE_COMPILATION_CONDITIONS = DEBUG;
				SWIFT_OPTIMIZATION_LEVEL = "-Onone";
			};
			name = Debug;
		};
		FE5270CC253EFAEC00DEEC87 /* Release */ = {
			isa = XCBuildConfiguration;
			buildSettings = {
				ALWAYS_SEARCH_USER_PATHS = NO;
				CLANG_ANALYZER_NONNULL = YES;
				CLANG_ANALYZER_NUMBER_OBJECT_CONVERSION = YES_AGGRESSIVE;
				CLANG_CXX_LANGUAGE_STANDARD = "gnu++14";
				CLANG_CXX_LIBRARY = "libc++";
				CLANG_ENABLE_MODULES = YES;
				CLANG_ENABLE_OBJC_ARC = YES;
				CLANG_ENABLE_OBJC_WEAK = YES;
				CLANG_WARN_BLOCK_CAPTURE_AUTORELEASING = YES;
				CLANG_WARN_BOOL_CONVERSION = YES;
				CLANG_WARN_COMMA = YES;
				CLANG_WARN_CONSTANT_CONVERSION = YES;
				CLANG_WARN_DEPRECATED_OBJC_IMPLEMENTATIONS = YES;
				CLANG_WARN_DIRECT_OBJC_ISA_USAGE = YES_ERROR;
				CLANG_WARN_DOCUMENTATION_COMMENTS = YES;
				CLANG_WARN_EMPTY_BODY = YES;
				CLANG_WARN_ENUM_CONVERSION = YES;
				CLANG_WARN_INFINITE_RECURSION = YES;
				CLANG_WARN_INT_CONVERSION = YES;
				CLANG_WARN_NON_LITERAL_NULL_CONVERSION = YES;
				CLANG_WARN_OBJC_IMPLICIT_RETAIN_SELF = YES;
				CLANG_WARN_OBJC_LITERAL_CONVERSION = YES;
				CLANG_WARN_OBJC_ROOT_CLASS = YES_ERROR;
				CLANG_WARN_QUOTED_INCLUDE_IN_FRAMEWORK_HEADER = YES;
				CLANG_WARN_RANGE_LOOP_ANALYSIS = YES;
				CLANG_WARN_STRICT_PROTOTYPES = YES;
				CLANG_WARN_SUSPICIOUS_MOVE = YES;
				CLANG_WARN_UNGUARDED_AVAILABILITY = YES_AGGRESSIVE;
				CLANG_WARN_UNREACHABLE_CODE = YES;
				CLANG_WARN__DUPLICATE_METHOD_MATCH = YES;
				COPY_PHASE_STRIP = NO;
				DEBUG_INFORMATION_FORMAT = "dwarf-with-dsym";
				ENABLE_NS_ASSERTIONS = NO;
				ENABLE_STRICT_OBJC_MSGSEND = YES;
				GCC_C_LANGUAGE_STANDARD = gnu11;
				GCC_NO_COMMON_BLOCKS = YES;
				GCC_WARN_64_TO_32_BIT_CONVERSION = YES;
				GCC_WARN_ABOUT_RETURN_TYPE = YES_ERROR;
				GCC_WARN_UNDECLARED_SELECTOR = YES;
				GCC_WARN_UNINITIALIZED_AUTOS = YES_AGGRESSIVE;
				GCC_WARN_UNUSED_FUNCTION = YES;
				GCC_WARN_UNUSED_VARIABLE = YES;
				IPHONEOS_DEPLOYMENT_TARGET = 14.0;
				MTL_ENABLE_DEBUG_INFO = NO;
				MTL_FAST_MATH = YES;
				SDKROOT = iphoneos;
				SWIFT_COMPILATION_MODE = wholemodule;
				SWIFT_OPTIMIZATION_LEVEL = "-O";
				VALIDATE_PRODUCT = YES;
			};
			name = Release;
		};
		FE5270CE253EFAEC00DEEC87 /* Debug */ = {
			isa = XCBuildConfiguration;
			buildSettings = {
				ASSETCATALOG_COMPILER_APPICON_NAME = AppIcon;
				ASSETCATALOG_COMPILER_GLOBAL_ACCENT_COLOR_NAME = AccentColor;
				CODE_SIGN_STYLE = Automatic;
				CURRENT_PROJECT_VERSION = 0.3.3;
				DEVELOPMENT_TEAM = TF4K4YZ8PT;
				INFOPLIST_FILE = reMind/Info.plist;
				IPHONEOS_DEPLOYMENT_TARGET = 13.0;
				LD_RUNPATH_SEARCH_PATHS = (
					"$(inherited)",
					"@executable_path/Frameworks",
				);
				PRODUCT_BUNDLE_IDENTIFIER = com.pedrosousa.reMind;
				PRODUCT_NAME = "$(TARGET_NAME)";
				SWIFT_VERSION = 5.0;
				TARGETED_DEVICE_FAMILY = 1;
			};
			name = Debug;
		};
		FE5270CF253EFAEC00DEEC87 /* Release */ = {
			isa = XCBuildConfiguration;
			buildSettings = {
				ASSETCATALOG_COMPILER_APPICON_NAME = AppIcon;
				ASSETCATALOG_COMPILER_GLOBAL_ACCENT_COLOR_NAME = AccentColor;
				CODE_SIGN_STYLE = Automatic;
				CURRENT_PROJECT_VERSION = 0.3.3;
				DEVELOPMENT_TEAM = TF4K4YZ8PT;
				INFOPLIST_FILE = reMind/Info.plist;
				IPHONEOS_DEPLOYMENT_TARGET = 13.0;
				LD_RUNPATH_SEARCH_PATHS = (
					"$(inherited)",
					"@executable_path/Frameworks",
				);
				PRODUCT_BUNDLE_IDENTIFIER = com.pedrosousa.reMind;
				PRODUCT_NAME = "$(TARGET_NAME)";
				SWIFT_VERSION = 5.0;
				TARGETED_DEVICE_FAMILY = 1;
			};
			name = Release;
		};
		FE88211825D1740E001A6334 /* Debug */ = {
			isa = XCBuildConfiguration;
			buildSettings = {
				BUNDLE_LOADER = "$(TEST_HOST)";
				CODE_SIGN_STYLE = Automatic;
				DEVELOPMENT_TEAM = TF4K4YZ8PT;
				INFOPLIST_FILE = reMindTests/Info.plist;
				IPHONEOS_DEPLOYMENT_TARGET = 13.0;
				LD_RUNPATH_SEARCH_PATHS = (
					"$(inherited)",
					"@executable_path/Frameworks",
					"@loader_path/Frameworks",
				);
				PRODUCT_BUNDLE_IDENTIFIER = com.pedrosousa.reMindTests;
				PRODUCT_NAME = "$(TARGET_NAME)";
				SWIFT_VERSION = 5.0;
				TARGETED_DEVICE_FAMILY = "1,2";
				TEST_HOST = "$(BUILT_PRODUCTS_DIR)/reMind.app/reMind";
			};
			name = Debug;
		};
		FE88211925D1740E001A6334 /* Release */ = {
			isa = XCBuildConfiguration;
			buildSettings = {
				BUNDLE_LOADER = "$(TEST_HOST)";
				CODE_SIGN_STYLE = Automatic;
				DEVELOPMENT_TEAM = TF4K4YZ8PT;
				INFOPLIST_FILE = reMindTests/Info.plist;
				IPHONEOS_DEPLOYMENT_TARGET = 13.0;
				LD_RUNPATH_SEARCH_PATHS = (
					"$(inherited)",
					"@executable_path/Frameworks",
					"@loader_path/Frameworks",
				);
				PRODUCT_BUNDLE_IDENTIFIER = com.pedrosousa.reMindTests;
				PRODUCT_NAME = "$(TARGET_NAME)";
				SWIFT_VERSION = 5.0;
				TARGETED_DEVICE_FAMILY = "1,2";
				TEST_HOST = "$(BUILT_PRODUCTS_DIR)/reMind.app/reMind";
			};
			name = Release;
		};
/* End XCBuildConfiguration section */

/* Begin XCConfigurationList section */
		FE5270B4253EFAEA00DEEC87 /* Build configuration list for PBXProject "reMind" */ = {
			isa = XCConfigurationList;
			buildConfigurations = (
				FE5270CB253EFAEC00DEEC87 /* Debug */,
				FE5270CC253EFAEC00DEEC87 /* Release */,
			);
			defaultConfigurationIsVisible = 0;
			defaultConfigurationName = Release;
		};
		FE5270CD253EFAEC00DEEC87 /* Build configuration list for PBXNativeTarget "reMind" */ = {
			isa = XCConfigurationList;
			buildConfigurations = (
				FE5270CE253EFAEC00DEEC87 /* Debug */,
				FE5270CF253EFAEC00DEEC87 /* Release */,
			);
			defaultConfigurationIsVisible = 0;
			defaultConfigurationName = Release;
		};
		FE88211725D1740E001A6334 /* Build configuration list for PBXNativeTarget "reMindTests" */ = {
			isa = XCConfigurationList;
			buildConfigurations = (
				FE88211825D1740E001A6334 /* Debug */,
				FE88211925D1740E001A6334 /* Release */,
			);
			defaultConfigurationIsVisible = 0;
			defaultConfigurationName = Release;
		};
/* End XCConfigurationList section */

/* Begin XCVersionGroup section */
		FE8820FD25D16D49001A6334 /* ReMind.xcdatamodeld */ = {
			isa = XCVersionGroup;
			children = (
				FE8820FE25D16D49001A6334 /* ReMind.xcdatamodel */,
			);
			currentVersion = FE8820FE25D16D49001A6334 /* ReMind.xcdatamodel */;
			path = ReMind.xcdatamodeld;
			sourceTree = "<group>";
			versionGroupType = wrapper.xcdatamodel;
		};
/* End XCVersionGroup section */
	};
	rootObject = FE5270B1253EFAEA00DEEC87 /* Project object */;
}
